
Microsoft Visual Studio Solution File, Format Version 12.00
# Visual Studio Version 17
VisualStudioVersion = 17.7.34024.191
MinimumVisualStudioVersion = 10.0.40219.1
Project("{FAE04EC0-301F-11D3-BF4B-00C04F79EFBC}") = "Laboratorio 3- ejercicio 1", "Laboratorio 3- ejercicio 1.csproj", "{FAF8D3C3-CB99-4B13-9A5F-B81F59796625}"
EndProject
Global
	GlobalSection(SolutionConfigurationPlatforms) = preSolution
		Debug|Any CPU = Debug|Any CPU
		Release|Any CPU = Release|Any CPU
	EndGlobalSection
	GlobalSection(ProjectConfigurationPlatforms) = postSolution
		{FAF8D3C3-CB99-4B13-9A5F-B81F59796625}.Debug|Any CPU.ActiveCfg = Debug|Any CPU
		{FAF8D3C3-CB99-4B13-9A5F-B81F59796625}.Debug|Any CPU.Build.0 = Debug|Any CPU
		{FAF8D3C3-CB99-4B13-9A5F-B81F59796625}.Release|Any CPU.ActiveCfg = Release|Any CPU
		{FAF8D3C3-CB99-4B13-9A5F-B81F59796625}.Release|Any CPU.Build.0 = Release|Any CPU
	EndGlobalSection
	GlobalSection(SolutionProperties) = preSolution
		HideSolutionNode = FALSE
	EndGlobalSection
	GlobalSection(ExtensibilityGlobals) = postSolution
		SolutionGuid = {9C46135C-396E-4456-AFF5-9D11230BEE51}
	EndGlobalSection
EndGlobal
